github.com/osmosis-labs/osmosis/v13 v13.0.0-rc0.0.20230103003823-2ac5d3561928 h1:+fRcnu0yS/AP+4mizC1tYw3gaz4oA3wkMliVEfSTbeA=
github.com/osmosis-labs/osmosis/v13 v13.0.0-rc0.0.20230103003823-2ac5d3561928/go.mod h1:qGe1c/RQyNzUzhQA+L1/aTeJ96gR91OXZ69gnQAZJ5s=
golang.org/x/mod v0.7.0 h1:LapD9S96VoQRhi/GrNTqeBJFrUjs5UHCAtTlgwA5oZA=
golang.org/x/mod v0.7.0/go.mod h1:iBbtSCu2XBx23ZKBPSOrRkjjQPZFPuis4dIYUhu/chs=
